
Microsoft Visual Studio Solution File, Format Version 12.00
# Visual Studio Version 16
VisualStudioVersion = 16.0.31702.278
MinimumVisualStudioVersion = 10.0.40219.1
Project("{FAE04EC0-301F-11D3-BF4B-00C04F79EFBC}") = "Task1", "Task1.csproj", "{B6F540C7-81A3-4B95-A1D4-F243ACB20BEA}"
EndProject
Project("{FAE04EC0-301F-11D3-BF4B-00C04F79EFBC}") = "Task2", "..\Task2\Task2.csproj", "{C92CF2A6-8225-471D-A9AD-155F100714A5}"
EndProject
Project("{FAE04EC0-301F-11D3-BF4B-00C04F79EFBC}") = "Task3", "..\Task3\Task3.csproj", "{69D0E732-46E9-4C69-A6BB-F3470B1529F9}"
EndProject
Global
	GlobalSection(SolutionConfigurationPlatforms) = preSolution
		Debug|Any CPU = Debug|Any CPU
		Release|Any CPU = Release|Any CPU
	EndGlobalSection
	GlobalSection(ProjectConfigurationPlatforms) = postSolution
		{B6F540C7-81A3-4B95-A1D4-F243ACB20BEA}.Debug|Any CPU.ActiveCfg = Debug|Any CPU
		{B6F540C7-81A3-4B95-A1D4-F243ACB20BEA}.Debug|Any CPU.Build.0 = Debug|Any CPU
		{B6F540C7-81A3-4B95-A1D4-F243ACB20BEA}.Release|Any CPU.ActiveCfg = Release|Any CPU
		{B6F540C7-81A3-4B95-A1D4-F243ACB20BEA}.Release|Any CPU.Build.0 = Release|Any CPU
		{C92CF2A6-8225-471D-A9AD-155F100714A5}.Debug|Any CPU.ActiveCfg = Debug|Any CPU
		{C92CF2A6-8225-471D-A9AD-155F100714A5}.Debug|Any CPU.Build.0 = Debug|Any CPU
		{C92CF2A6-8225-471D-A9AD-155F100714A5}.Release|Any CPU.ActiveCfg = Release|Any CPU
		{C92CF2A6-8225-471D-A9AD-155F100714A5}.Release|Any CPU.Build.0 = Release|Any CPU
		{69D0E732-46E9-4C69-A6BB-F3470B1529F9}.Debug|Any CPU.ActiveCfg = Debug|Any CPU
		{69D0E732-46E9-4C69-A6BB-F3470B1529F9}.Debug|Any CPU.Build.0 = Debug|Any CPU
		{69D0E732-46E9-4C69-A6BB-F3470B1529F9}.Release|Any CPU.ActiveCfg = Release|Any CPU
		{69D0E732-46E9-4C69-A6BB-F3470B1529F9}.Release|Any CPU.Build.0 = Release|Any CPU
	EndGlobalSection
	GlobalSection(SolutionProperties) = preSolution
		HideSolutionNode = FALSE
	EndGlobalSection
	GlobalSection(ExtensibilityGlobals) = postSolution
		SolutionGuid = {7B01A953-A4CB-47AF-BE88-14A982885FBD}
	EndGlobalSection
EndGlobal
